
Microsoft Visual Studio Solution File, Format Version 12.00
# Visual Studio Version 16
VisualStudioVersion = 16.0.29409.12
MinimumVisualStudioVersion = 10.0.40219.1
Project("{2150E333-8FDC-42A3-9474-1A3956D46DE8}") = "src", "src", "{00BEB37D-5AA5-4145-9C78-F514B54E06CD}"
EndProject
Project("{2150E333-8FDC-42A3-9474-1A3956D46DE8}") = "tests", "tests", "{A235B111-5EAE-4100-9AB7-9878248582C5}"
EndProject
Project("{2150E333-8FDC-42A3-9474-1A3956D46DE8}") = "Application", "Application", "{5495592D-876B-4FB7-A6A1-BBD20D779BD3}"
EndProject
Project("{2150E333-8FDC-42A3-9474-1A3956D46DE8}") = "Core", "Core", "{23002083-01BA-4502-BFA7-D9F4F3C370CA}"
EndProject
Project("{2150E333-8FDC-42A3-9474-1A3956D46DE8}") = "Infrastructure", "Infrastructure", "{C93DCCF4-F797-4C6F-A6B8-96ABFA818906}"
EndProject
Project("{2150E333-8FDC-42A3-9474-1A3956D46DE8}") = "Domain", "Domain", "{1418B06D-6A24-42C8-A3D9-4A6916EF726C}"
EndProject
Project("{2150E333-8FDC-42A3-9474-1A3956D46DE8}") = "WebSites", "WebSites", "{385ABCF9-972A-45BF-93FB-9577EF1870CF}"
EndProject
Project("{9A19103F-16F7-4668-BE54-9A1E7A4F7556}") = "WindVane.Application", "src\Application\WindVane.Application\WindVane.Application.csproj", "{FA1BCF3F-680D-4A04-9E52-1CE02F459844}"
EndProject
Project("{9A19103F-16F7-4668-BE54-9A1E7A4F7556}") = "WindVane.Domain", "src\Domain\WindVane.Domain\WindVane.Domain.csproj", "{0ABB0787-1ED8-4634-9B8D-86ACEF860FB5}"
EndProject
Project("{9A19103F-16F7-4668-BE54-9A1E7A4F7556}") = "WindVane.Core", "src\Core\WindVane.Core\WindVane.Core.csproj", "{C2B13072-3AD8-4696-B9D3-6E1F86F91A60}"
EndProject
Project("{9A19103F-16F7-4668-BE54-9A1E7A4F7556}") = "WindVane.Infrastructure", "src\Infrastructure\WindVane.Infrastructure\WindVane.Infrastructure.csproj", "{3E757EFB-D949-4A1B-B32D-6C6E70FC4E55}"
EndProject
Project("{9A19103F-16F7-4668-BE54-9A1E7A4F7556}") = "WindVane.Authentication", "src\WebSites\WindVane.Authentication\WindVane.Authentication.csproj", "{34C24AF5-915C-4219-AB38-E1CFE4E62703}"
EndProject
Project("{9A19103F-16F7-4668-BE54-9A1E7A4F7556}") = "WindVane.API", "src\WebSites\WindVane.API\WindVane.API.csproj", "{9F12FEA0-BC99-4BFA-996F-AEA1F8A9DF9F}"
EndProject
Project("{9A19103F-16F7-4668-BE54-9A1E7A4F7556}") = "WindVane", "src\WindVane\WindVane.csproj", "{CDBF8D55-2AFD-4A4F-B18C-F0761C1A43F6}"
EndProject
Global
	GlobalSection(SolutionConfigurationPlatforms) = preSolution
		Debug|Any CPU = Debug|Any CPU
		Release|Any CPU = Release|Any CPU
	EndGlobalSection
	GlobalSection(ProjectConfigurationPlatforms) = postSolution
		{FA1BCF3F-680D-4A04-9E52-1CE02F459844}.Debug|Any CPU.ActiveCfg = Debug|Any CPU
		{FA1BCF3F-680D-4A04-9E52-1CE02F459844}.Debug|Any CPU.Build.0 = Debug|Any CPU
		{FA1BCF3F-680D-4A04-9E52-1CE02F459844}.Release|Any CPU.ActiveCfg = Release|Any CPU
		{FA1BCF3F-680D-4A04-9E52-1CE02F459844}.Release|Any CPU.Build.0 = Release|Any CPU
		{0ABB0787-1ED8-4634-9B8D-86ACEF860FB5}.Debug|Any CPU.ActiveCfg = Debug|Any CPU
		{0ABB0787-1ED8-4634-9B8D-86ACEF860FB5}.Debug|Any CPU.Build.0 = Debug|Any CPU
		{0ABB0787-1ED8-4634-9B8D-86ACEF860FB5}.Release|Any CPU.ActiveCfg = Release|Any CPU
		{0ABB0787-1ED8-4634-9B8D-86ACEF860FB5}.Release|Any CPU.Build.0 = Release|Any CPU
		{C2B13072-3AD8-4696-B9D3-6E1F86F91A60}.Debug|Any CPU.ActiveCfg = Debug|Any CPU
		{C2B13072-3AD8-4696-B9D3-6E1F86F91A60}.Debug|Any CPU.Build.0 = Debug|Any CPU
		{C2B13072-3AD8-4696-B9D3-6E1F86F91A60}.Release|Any CPU.ActiveCfg = Release|Any CPU
		{C2B13072-3AD8-4696-B9D3-6E1F86F91A60}.Release|Any CPU.Build.0 = Release|Any CPU
		{3E757EFB-D949-4A1B-B32D-6C6E70FC4E55}.Debug|Any CPU.ActiveCfg = Debug|Any CPU
		{3E757EFB-D949-4A1B-B32D-6C6E70FC4E55}.Debug|Any CPU.Build.0 = Debug|Any CPU
		{3E757EFB-D949-4A1B-B32D-6C6E70FC4E55}.Release|Any CPU.ActiveCfg = Release|Any CPU
		{3E757EFB-D949-4A1B-B32D-6C6E70FC4E55}.Release|Any CPU.Build.0 = Release|Any CPU
		{34C24AF5-915C-4219-AB38-E1CFE4E62703}.Debug|Any CPU.ActiveCfg = Debug|Any CPU
		{34C24AF5-915C-4219-AB38-E1CFE4E62703}.Debug|Any CPU.Build.0 = Debug|Any CPU
		{34C24AF5-915C-4219-AB38-E1CFE4E62703}.Release|Any CPU.ActiveCfg = Release|Any CPU
		{34C24AF5-915C-4219-AB38-E1CFE4E62703}.Release|Any CPU.Build.0 = Release|Any CPU
		{9F12FEA0-BC99-4BFA-996F-AEA1F8A9DF9F}.Debug|Any CPU.ActiveCfg = Debug|Any CPU
		{9F12FEA0-BC99-4BFA-996F-AEA1F8A9DF9F}.Debug|Any CPU.Build.0 = Debug|Any CPU
		{9F12FEA0-BC99-4BFA-996F-AEA1F8A9DF9F}.Release|Any CPU.ActiveCfg = Release|Any CPU
		{9F12FEA0-BC99-4BFA-996F-AEA1F8A9DF9F}.Release|Any CPU.Build.0 = Release|Any CPU
		{CDBF8D55-2AFD-4A4F-B18C-F0761C1A43F6}.Debug|Any CPU.ActiveCfg = Debug|Any CPU
		{CDBF8D55-2AFD-4A4F-B18C-F0761C1A43F6}.Debug|Any CPU.Build.0 = Debug|Any CPU
		{CDBF8D55-2AFD-4A4F-B18C-F0761C1A43F6}.Release|Any CPU.ActiveCfg = Release|Any CPU
		{CDBF8D55-2AFD-4A4F-B18C-F0761C1A43F6}.Release|Any CPU.Build.0 = Release|Any CPU
	EndGlobalSection
	GlobalSection(SolutionProperties) = preSolution
		HideSolutionNode = FALSE
	EndGlobalSection
	GlobalSection(NestedProjects) = preSolution
		{5495592D-876B-4FB7-A6A1-BBD20D779BD3} = {00BEB37D-5AA5-4145-9C78-F514B54E06CD}
		{23002083-01BA-4502-BFA7-D9F4F3C370CA} = {00BEB37D-5AA5-4145-9C78-F514B54E06CD}
		{C93DCCF4-F797-4C6F-A6B8-96ABFA818906} = {00BEB37D-5AA5-4145-9C78-F514B54E06CD}
		{1418B06D-6A24-42C8-A3D9-4A6916EF726C} = {00BEB37D-5AA5-4145-9C78-F514B54E06CD}
		{385ABCF9-972A-45BF-93FB-9577EF1870CF} = {00BEB37D-5AA5-4145-9C78-F514B54E06CD}
		{FA1BCF3F-680D-4A04-9E52-1CE02F459844} = {5495592D-876B-4FB7-A6A1-BBD20D779BD3}
		{0ABB0787-1ED8-4634-9B8D-86ACEF860FB5} = {1418B06D-6A24-42C8-A3D9-4A6916EF726C}
		{C2B13072-3AD8-4696-B9D3-6E1F86F91A60} = {23002083-01BA-4502-BFA7-D9F4F3C370CA}
		{3E757EFB-D949-4A1B-B32D-6C6E70FC4E55} = {C93DCCF4-F797-4C6F-A6B8-96ABFA818906}
		{34C24AF5-915C-4219-AB38-E1CFE4E62703} = {385ABCF9-972A-45BF-93FB-9577EF1870CF}
		{9F12FEA0-BC99-4BFA-996F-AEA1F8A9DF9F} = {385ABCF9-972A-45BF-93FB-9577EF1870CF}
		{CDBF8D55-2AFD-4A4F-B18C-F0761C1A43F6} = {00BEB37D-5AA5-4145-9C78-F514B54E06CD}
	EndGlobalSection
	GlobalSection(ExtensibilityGlobals) = postSolution
		SolutionGuid = {1A05CBA3-BD08-4ADF-870F-11D1ED3255FC}
	EndGlobalSection
EndGlobal
