
Microsoft Visual Studio Solution File, Format Version 12.00
# Visual Studio Version 16
VisualStudioVersion = 16.0.29409.12
MinimumVisualStudioVersion = 10.0.40219.1
Project("{2150E333-8FDC-42A3-9474-1A3956D46DE8}") = "src", "src", "{00BEB37D-5AA5-4145-9C78-F514B54E06CD}"
EndProject
Project("{2150E333-8FDC-42A3-9474-1A3956D46DE8}") = "tests", "tests", "{A235B111-5EAE-4100-9AB7-9878248582C5}"
EndProject
Project("{2150E333-8FDC-42A3-9474-1A3956D46DE8}") = "Application", "Application", "{5495592D-876B-4FB7-A6A1-BBD20D779BD3}"
EndProject
Project("{2150E333-8FDC-42A3-9474-1A3956D46DE8}") = "Core", "Core", "{23002083-01BA-4502-BFA7-D9F4F3C370CA}"
EndProject
Project("{2150E333-8FDC-42A3-9474-1A3956D46DE8}") = "Infrastructure", "Infrastructure", "{C93DCCF4-F797-4C6F-A6B8-96ABFA818906}"
EndProject
Project("{2150E333-8FDC-42A3-9474-1A3956D46DE8}") = "Domain", "Domain", "{1418B06D-6A24-42C8-A3D9-4A6916EF726C}"
EndProject
Project("{2150E333-8FDC-42A3-9474-1A3956D46DE8}") = "WebSites", "WebSites", "{385ABCF9-972A-45BF-93FB-9577EF1870CF}"
EndProject
Project("{9A19103F-16F7-4668-BE54-9A1E7A4F7556}") = "WindVane.Application", "src\Application\WindVane.Application\WindVane.Application.csproj", "{FA1BCF3F-680D-4A04-9E52-1CE02F459844}"
EndProject
Project("{9A19103F-16F7-4668-BE54-9A1E7A4F7556}") = "WindVane.Domain", "src\Domain\WindVane.Domain\WindVane.Domain.csproj", "{0ABB0787-1ED8-4634-9B8D-86ACEF860FB5}"
EndProject
Project("{9A19103F-16F7-4668-BE54-9A1E7A4F7556}") = "WindVane.Core", "src\Core\WindVane.Core\WindVane.Core.csproj", "{C2B13072-3AD8-4696-B9D3-6E1F86F91A60}"
EndProject
Project("{9A19103F-16F7-4668-BE54-9A1E7A4F7556}") = "WindVane.Infrastructure", "src\Infrastructure\WindVane.Infrastructure\WindVane.Infrastructure.csproj", "{3E757EFB-D949-4A1B-B32D-6C6E70FC4E55}"
EndProject
Project("{9A19103F-16F7-4668-BE54-9A1E7A4F7556}") = "WindVane.API", "src\Services\WindVane\WindVane.API\WindVane.API.csproj", "{9F12FEA0-BC99-4BFA-996F-AEA1F8A9DF9F}"
EndProject
Project("{9A19103F-16F7-4668-BE54-9A1E7A4F7556}") = "WindVane", "src\WindVane\WindVane.csproj", "{CDBF8D55-2AFD-4A4F-B18C-F0761C1A43F6}"
EndProject
Project("{9A19103F-16F7-4668-BE54-9A1E7A4F7556}") = "WindVane.Data", "src\Infrastructure\WindVane.Data\WindVane.Data.csproj", "{DA62DE15-2EE0-4C3A-856A-EBECE53F8801}"
EndProject
Project("{9A19103F-16F7-4668-BE54-9A1E7A4F7556}") = "WindVane.Authentication", "src\WebSites\Authentication\WindVane.Authentication\WindVane.Authentication.csproj", "{8293AD0A-3B78-4D02-A09F-5B1F07DE0587}"
EndProject
Project("{9A19103F-16F7-4668-BE54-9A1E7A4F7556}") = "WindVane.PiliPala", "src\WebSites\PiliPala\WindVane.PiliPala\WindVane.PiliPala.csproj", "{E9302D0C-C095-4565-BB92-1AADC351BB3C}"
EndProject
Project("{2150E333-8FDC-42A3-9474-1A3956D46DE8}") = "PiliPala", "PiliPala", "{2EE57B83-AEB7-461F-BBB1-A7679BF5393A}"
EndProject
Project("{2150E333-8FDC-42A3-9474-1A3956D46DE8}") = "Authentication", "Authentication", "{CCB40146-89A6-4385-B5E2-C7087CCBC985}"
EndProject
Project("{2150E333-8FDC-42A3-9474-1A3956D46DE8}") = "Services", "Services", "{B5CD5D0D-3306-4BCD-932B-7B723C270411}"
EndProject
Project("{2150E333-8FDC-42A3-9474-1A3956D46DE8}") = "WindVane", "WindVane", "{EE188A7C-EC0F-4ABC-A7EE-3CE34C6AE634}"
EndProject
Project("{2150E333-8FDC-42A3-9474-1A3956D46DE8}") = "PiliPala", "PiliPala", "{522CCA3C-A7E9-4D96-867A-772BE3CA6BB6}"
EndProject
Project("{2150E333-8FDC-42A3-9474-1A3956D46DE8}") = "Authentication", "Authentication", "{6CE3ED1A-8125-44C5-87F5-0850147C0ADC}"
EndProject
Project("{2150E333-8FDC-42A3-9474-1A3956D46DE8}") = "Payment", "Payment", "{6CDEF92A-963A-4354-8A8D-E4DA5E2ACB0B}"
EndProject
Project("{9A19103F-16F7-4668-BE54-9A1E7A4F7556}") = "WindVane.Payment.API", "src\Services\Payment\WindVane.Payment.API\WindVane.Payment.API.csproj", "{141703A7-9882-42E5-951A-2BCC7F00A29D}"
EndProject
Project("{9A19103F-16F7-4668-BE54-9A1E7A4F7556}") = "WindVane.PiliPala.API", "src\Services\PiliPala\WindVane.PiliPala.API\WindVane.PiliPala.API.csproj", "{EBE53A48-0870-4994-9042-A9C10E679C16}"
EndProject
Project("{9A19103F-16F7-4668-BE54-9A1E7A4F7556}") = "WindVane.PiliPala.Domain", "src\Services\PiliPala\WindVane.PiliPala.Domain\WindVane.PiliPala.Domain.csproj", "{5B1219A5-DA14-45BF-9FB9-1BDF0EBFA044}"
EndProject
Project("{9A19103F-16F7-4668-BE54-9A1E7A4F7556}") = "WindVane.PiliPala.Application", "src\Services\PiliPala\WindVane.PiliPala.Application\WindVane.PiliPala.Application.csproj", "{EFB8D6F7-48ED-4636-8A62-28D419979368}"
EndProject
Project("{9A19103F-16F7-4668-BE54-9A1E7A4F7556}") = "WindVane.PiliPala.Infrastructure", "src\Services\PiliPala\WindVane.PiliPala.Infrastructure\WindVane.PiliPala.Infrastructure.csproj", "{68F4D39E-0734-4BEF-8AD2-B2DF7D51BD81}"
EndProject
Project("{2150E333-8FDC-42A3-9474-1A3956D46DE8}") = "MSTest", "MSTest", "{935DC696-CB9E-4150-8BC4-10AEF952A0F3}"
EndProject
Project("{2150E333-8FDC-42A3-9474-1A3956D46DE8}") = "xUnit", "xUnit", "{252777B7-5EB6-4A91-ACCF-23232295343D}"
EndProject
Project("{2150E333-8FDC-42A3-9474-1A3956D46DE8}") = "NUnit", "NUnit", "{174BEFBC-7028-48FF-AE39-97CB3DA5C52E}"
EndProject
Global
	GlobalSection(SolutionConfigurationPlatforms) = preSolution
		Debug|Any CPU = Debug|Any CPU
		Release|Any CPU = Release|Any CPU
	EndGlobalSection
	GlobalSection(ProjectConfigurationPlatforms) = postSolution
		{FA1BCF3F-680D-4A04-9E52-1CE02F459844}.Debug|Any CPU.ActiveCfg = Debug|Any CPU
		{FA1BCF3F-680D-4A04-9E52-1CE02F459844}.Debug|Any CPU.Build.0 = Debug|Any CPU
		{FA1BCF3F-680D-4A04-9E52-1CE02F459844}.Release|Any CPU.ActiveCfg = Release|Any CPU
		{FA1BCF3F-680D-4A04-9E52-1CE02F459844}.Release|Any CPU.Build.0 = Release|Any CPU
		{0ABB0787-1ED8-4634-9B8D-86ACEF860FB5}.Debug|Any CPU.ActiveCfg = Debug|Any CPU
		{0ABB0787-1ED8-4634-9B8D-86ACEF860FB5}.Debug|Any CPU.Build.0 = Debug|Any CPU
		{0ABB0787-1ED8-4634-9B8D-86ACEF860FB5}.Release|Any CPU.ActiveCfg = Release|Any CPU
		{0ABB0787-1ED8-4634-9B8D-86ACEF860FB5}.Release|Any CPU.Build.0 = Release|Any CPU
		{C2B13072-3AD8-4696-B9D3-6E1F86F91A60}.Debug|Any CPU.ActiveCfg = Debug|Any CPU
		{C2B13072-3AD8-4696-B9D3-6E1F86F91A60}.Debug|Any CPU.Build.0 = Debug|Any CPU
		{C2B13072-3AD8-4696-B9D3-6E1F86F91A60}.Release|Any CPU.ActiveCfg = Release|Any CPU
		{C2B13072-3AD8-4696-B9D3-6E1F86F91A60}.Release|Any CPU.Build.0 = Release|Any CPU
		{3E757EFB-D949-4A1B-B32D-6C6E70FC4E55}.Debug|Any CPU.ActiveCfg = Debug|Any CPU
		{3E757EFB-D949-4A1B-B32D-6C6E70FC4E55}.Debug|Any CPU.Build.0 = Debug|Any CPU
		{3E757EFB-D949-4A1B-B32D-6C6E70FC4E55}.Release|Any CPU.ActiveCfg = Release|Any CPU
		{3E757EFB-D949-4A1B-B32D-6C6E70FC4E55}.Release|Any CPU.Build.0 = Release|Any CPU
		{9F12FEA0-BC99-4BFA-996F-AEA1F8A9DF9F}.Debug|Any CPU.ActiveCfg = Debug|Any CPU
		{9F12FEA0-BC99-4BFA-996F-AEA1F8A9DF9F}.Debug|Any CPU.Build.0 = Debug|Any CPU
		{9F12FEA0-BC99-4BFA-996F-AEA1F8A9DF9F}.Release|Any CPU.ActiveCfg = Release|Any CPU
		{9F12FEA0-BC99-4BFA-996F-AEA1F8A9DF9F}.Release|Any CPU.Build.0 = Release|Any CPU
		{CDBF8D55-2AFD-4A4F-B18C-F0761C1A43F6}.Debug|Any CPU.ActiveCfg = Debug|Any CPU
		{CDBF8D55-2AFD-4A4F-B18C-F0761C1A43F6}.Debug|Any CPU.Build.0 = Debug|Any CPU
		{CDBF8D55-2AFD-4A4F-B18C-F0761C1A43F6}.Release|Any CPU.ActiveCfg = Release|Any CPU
		{CDBF8D55-2AFD-4A4F-B18C-F0761C1A43F6}.Release|Any CPU.Build.0 = Release|Any CPU
		{DA62DE15-2EE0-4C3A-856A-EBECE53F8801}.Debug|Any CPU.ActiveCfg = Debug|Any CPU
		{DA62DE15-2EE0-4C3A-856A-EBECE53F8801}.Debug|Any CPU.Build.0 = Debug|Any CPU
		{DA62DE15-2EE0-4C3A-856A-EBECE53F8801}.Release|Any CPU.ActiveCfg = Release|Any CPU
		{DA62DE15-2EE0-4C3A-856A-EBECE53F8801}.Release|Any CPU.Build.0 = Release|Any CPU
		{8293AD0A-3B78-4D02-A09F-5B1F07DE0587}.Debug|Any CPU.ActiveCfg = Debug|Any CPU
		{8293AD0A-3B78-4D02-A09F-5B1F07DE0587}.Debug|Any CPU.Build.0 = Debug|Any CPU
		{8293AD0A-3B78-4D02-A09F-5B1F07DE0587}.Release|Any CPU.ActiveCfg = Release|Any CPU
		{8293AD0A-3B78-4D02-A09F-5B1F07DE0587}.Release|Any CPU.Build.0 = Release|Any CPU
		{E9302D0C-C095-4565-BB92-1AADC351BB3C}.Debug|Any CPU.ActiveCfg = Debug|Any CPU
		{E9302D0C-C095-4565-BB92-1AADC351BB3C}.Debug|Any CPU.Build.0 = Debug|Any CPU
		{E9302D0C-C095-4565-BB92-1AADC351BB3C}.Release|Any CPU.ActiveCfg = Release|Any CPU
		{E9302D0C-C095-4565-BB92-1AADC351BB3C}.Release|Any CPU.Build.0 = Release|Any CPU
		{141703A7-9882-42E5-951A-2BCC7F00A29D}.Debug|Any CPU.ActiveCfg = Debug|Any CPU
		{141703A7-9882-42E5-951A-2BCC7F00A29D}.Debug|Any CPU.Build.0 = Debug|Any CPU
		{141703A7-9882-42E5-951A-2BCC7F00A29D}.Release|Any CPU.ActiveCfg = Release|Any CPU
		{141703A7-9882-42E5-951A-2BCC7F00A29D}.Release|Any CPU.Build.0 = Release|Any CPU
		{EBE53A48-0870-4994-9042-A9C10E679C16}.Debug|Any CPU.ActiveCfg = Debug|Any CPU
		{EBE53A48-0870-4994-9042-A9C10E679C16}.Debug|Any CPU.Build.0 = Debug|Any CPU
		{EBE53A48-0870-4994-9042-A9C10E679C16}.Release|Any CPU.ActiveCfg = Release|Any CPU
		{EBE53A48-0870-4994-9042-A9C10E679C16}.Release|Any CPU.Build.0 = Release|Any CPU
		{5B1219A5-DA14-45BF-9FB9-1BDF0EBFA044}.Debug|Any CPU.ActiveCfg = Debug|Any CPU
		{5B1219A5-DA14-45BF-9FB9-1BDF0EBFA044}.Debug|Any CPU.Build.0 = Debug|Any CPU
		{5B1219A5-DA14-45BF-9FB9-1BDF0EBFA044}.Release|Any CPU.ActiveCfg = Release|Any CPU
		{5B1219A5-DA14-45BF-9FB9-1BDF0EBFA044}.Release|Any CPU.Build.0 = Release|Any CPU
		{EFB8D6F7-48ED-4636-8A62-28D419979368}.Debug|Any CPU.ActiveCfg = Debug|Any CPU
		{EFB8D6F7-48ED-4636-8A62-28D419979368}.Debug|Any CPU.Build.0 = Debug|Any CPU
		{EFB8D6F7-48ED-4636-8A62-28D419979368}.Release|Any CPU.ActiveCfg = Release|Any CPU
		{EFB8D6F7-48ED-4636-8A62-28D419979368}.Release|Any CPU.Build.0 = Release|Any CPU
		{68F4D39E-0734-4BEF-8AD2-B2DF7D51BD81}.Debug|Any CPU.ActiveCfg = Debug|Any CPU
		{68F4D39E-0734-4BEF-8AD2-B2DF7D51BD81}.Debug|Any CPU.Build.0 = Debug|Any CPU
		{68F4D39E-0734-4BEF-8AD2-B2DF7D51BD81}.Release|Any CPU.ActiveCfg = Release|Any CPU
		{68F4D39E-0734-4BEF-8AD2-B2DF7D51BD81}.Release|Any CPU.Build.0 = Release|Any CPU
	EndGlobalSection
	GlobalSection(SolutionProperties) = preSolution
		HideSolutionNode = FALSE
	EndGlobalSection
	GlobalSection(NestedProjects) = preSolution
		{5495592D-876B-4FB7-A6A1-BBD20D779BD3} = {00BEB37D-5AA5-4145-9C78-F514B54E06CD}
		{23002083-01BA-4502-BFA7-D9F4F3C370CA} = {00BEB37D-5AA5-4145-9C78-F514B54E06CD}
		{C93DCCF4-F797-4C6F-A6B8-96ABFA818906} = {00BEB37D-5AA5-4145-9C78-F514B54E06CD}
		{1418B06D-6A24-42C8-A3D9-4A6916EF726C} = {00BEB37D-5AA5-4145-9C78-F514B54E06CD}
		{385ABCF9-972A-45BF-93FB-9577EF1870CF} = {00BEB37D-5AA5-4145-9C78-F514B54E06CD}
		{FA1BCF3F-680D-4A04-9E52-1CE02F459844} = {5495592D-876B-4FB7-A6A1-BBD20D779BD3}
		{0ABB0787-1ED8-4634-9B8D-86ACEF860FB5} = {1418B06D-6A24-42C8-A3D9-4A6916EF726C}
		{C2B13072-3AD8-4696-B9D3-6E1F86F91A60} = {23002083-01BA-4502-BFA7-D9F4F3C370CA}
		{3E757EFB-D949-4A1B-B32D-6C6E70FC4E55} = {C93DCCF4-F797-4C6F-A6B8-96ABFA818906}
		{9F12FEA0-BC99-4BFA-996F-AEA1F8A9DF9F} = {EE188A7C-EC0F-4ABC-A7EE-3CE34C6AE634}
		{CDBF8D55-2AFD-4A4F-B18C-F0761C1A43F6} = {00BEB37D-5AA5-4145-9C78-F514B54E06CD}
		{DA62DE15-2EE0-4C3A-856A-EBECE53F8801} = {C93DCCF4-F797-4C6F-A6B8-96ABFA818906}
		{8293AD0A-3B78-4D02-A09F-5B1F07DE0587} = {CCB40146-89A6-4385-B5E2-C7087CCBC985}
		{E9302D0C-C095-4565-BB92-1AADC351BB3C} = {2EE57B83-AEB7-461F-BBB1-A7679BF5393A}
		{2EE57B83-AEB7-461F-BBB1-A7679BF5393A} = {385ABCF9-972A-45BF-93FB-9577EF1870CF}
		{CCB40146-89A6-4385-B5E2-C7087CCBC985} = {385ABCF9-972A-45BF-93FB-9577EF1870CF}
		{B5CD5D0D-3306-4BCD-932B-7B723C270411} = {00BEB37D-5AA5-4145-9C78-F514B54E06CD}
		{EE188A7C-EC0F-4ABC-A7EE-3CE34C6AE634} = {B5CD5D0D-3306-4BCD-932B-7B723C270411}
		{522CCA3C-A7E9-4D96-867A-772BE3CA6BB6} = {B5CD5D0D-3306-4BCD-932B-7B723C270411}
		{6CE3ED1A-8125-44C5-87F5-0850147C0ADC} = {B5CD5D0D-3306-4BCD-932B-7B723C270411}
		{6CDEF92A-963A-4354-8A8D-E4DA5E2ACB0B} = {B5CD5D0D-3306-4BCD-932B-7B723C270411}
		{141703A7-9882-42E5-951A-2BCC7F00A29D} = {6CDEF92A-963A-4354-8A8D-E4DA5E2ACB0B}
		{EBE53A48-0870-4994-9042-A9C10E679C16} = {522CCA3C-A7E9-4D96-867A-772BE3CA6BB6}
		{5B1219A5-DA14-45BF-9FB9-1BDF0EBFA044} = {522CCA3C-A7E9-4D96-867A-772BE3CA6BB6}
		{EFB8D6F7-48ED-4636-8A62-28D419979368} = {522CCA3C-A7E9-4D96-867A-772BE3CA6BB6}
		{68F4D39E-0734-4BEF-8AD2-B2DF7D51BD81} = {522CCA3C-A7E9-4D96-867A-772BE3CA6BB6}
		{935DC696-CB9E-4150-8BC4-10AEF952A0F3} = {A235B111-5EAE-4100-9AB7-9878248582C5}
		{252777B7-5EB6-4A91-ACCF-23232295343D} = {A235B111-5EAE-4100-9AB7-9878248582C5}
		{174BEFBC-7028-48FF-AE39-97CB3DA5C52E} = {A235B111-5EAE-4100-9AB7-9878248582C5}
	EndGlobalSection
	GlobalSection(ExtensibilityGlobals) = postSolution
		SolutionGuid = {1A05CBA3-BD08-4ADF-870F-11D1ED3255FC}
	EndGlobalSection
EndGlobal
